{
  "originHash" : "dd27728c8848101841bd8d45243ef43144e233aa3767c82656934b73447347b8",
  "pins" : [
    {
      "identity" : "snapkit",
      "kind" : "remoteSourceControl",
      "location" : "https://github.com/SnapKit/SnapKit.git",
      "state" : {
        "branch" : "develop",
        "revision" : "3b5120fa082a847059bc0ca02f99561d6be25c5d"
      }
    }
  ],
  "version" : 3
}
